{
  "name": "enhanced-e-invoice",
  "version": "1.0.0",
  "lockfileVersion": 1,
  "requires": true,
  "dependencies": {
    "@chilkat/ck-node14-win64": {
      "version": "9.50.88",
      "resolved": "https://registry.npmjs.org/@chilkat/ck-node14-win64/-/ck-node14-win64-9.50.88.tgz",
      "integrity": "sha512-ZG1mbORDeX4dMVw23u/Dw77SnBJjtPWrXCYkEYSTRJFYuE09RXbL8hMsWWFOYRXO1Jbb9jjKYcuPhTNCgqifXQ=="
    }
  }
}
